
Microsoft Visual Studio Solution File, Format Version 12.00
# Visual Studio 15
VisualStudioVersion = 15.0.34031.82
MinimumVisualStudioVersion = 10.0.40219.1
Project("{8BC9CEB8-8B4A-11D0-8D11-00A0C91BC942}") = "HW1-6", "HW1-6\HW1-6.vcxproj", "{AE4390C0-A44C-481C-964D-2DA1C07E2334}"
EndProject
Global
	GlobalSection(SolutionConfigurationPlatforms) = preSolution
		Debug|x64 = Debug|x64
		Debug|x86 = Debug|x86
		Release|x64 = Release|x64
		Release|x86 = Release|x86
	EndGlobalSection
	GlobalSection(ProjectConfigurationPlatforms) = postSolution
		{AE4390C0-A44C-481C-964D-2DA1C07E2334}.Debug|x64.ActiveCfg = Debug|x64
		{AE4390C0-A44C-481C-964D-2DA1C07E2334}.Debug|x64.Build.0 = Debug|x64
		{AE4390C0-A44C-481C-964D-2DA1C07E2334}.Debug|x86.ActiveCfg = Debug|Win32
		{AE4390C0-A44C-481C-964D-2DA1C07E2334}.Debug|x86.Build.0 = Debug|Win32
		{AE4390C0-A44C-481C-964D-2DA1C07E2334}.Release|x64.ActiveCfg = Release|x64
		{AE4390C0-A44C-481C-964D-2DA1C07E2334}.Release|x64.Build.0 = Release|x64
		{AE4390C0-A44C-481C-964D-2DA1C07E2334}.Release|x86.ActiveCfg = Release|Win32
		{AE4390C0-A44C-481C-964D-2DA1C07E2334}.Release|x86.Build.0 = Release|Win32
	EndGlobalSection
	GlobalSection(SolutionProperties) = preSolution
		HideSolutionNode = FALSE
	EndGlobalSection
	GlobalSection(ExtensibilityGlobals) = postSolution
		SolutionGuid = {5DAC70E8-8042-40D5-A22C-49DB8D4435B7}
	EndGlobalSection
EndGlobal
